
Microsoft Visual Studio Solution File, Format Version 12.00
# Visual Studio Version 17
VisualStudioVersion = 17.2.32602.215
MinimumVisualStudioVersion = 10.0.40219.1
Project("{FAE04EC0-301F-11D3-BF4B-00C04F79EFBC}") = "MarathonRunner.Core", "MarathonRunner.Core\MarathonRunner.Core.csproj", "{DC2718E8-C5AF-4D27-8989-7CE3A87118A2}"
EndProject
Global
	GlobalSection(SolutionConfigurationPlatforms) = preSolution
		Debug|Any CPU = Debug|Any CPU
		Release|Any CPU = Release|Any CPU
	EndGlobalSection
	GlobalSection(ProjectConfigurationPlatforms) = postSolution
		{DC2718E8-C5AF-4D27-8989-7CE3A87118A2}.Debug|Any CPU.ActiveCfg = Debug|Any CPU
		{DC2718E8-C5AF-4D27-8989-7CE3A87118A2}.Debug|Any CPU.Build.0 = Debug|Any CPU
		{DC2718E8-C5AF-4D27-8989-7CE3A87118A2}.Release|Any CPU.ActiveCfg = Release|Any CPU
		{DC2718E8-C5AF-4D27-8989-7CE3A87118A2}.Release|Any CPU.Build.0 = Release|Any CPU
	EndGlobalSection
	GlobalSection(SolutionProperties) = preSolution
		HideSolutionNode = FALSE
	EndGlobalSection
	GlobalSection(ExtensibilityGlobals) = postSolution
		SolutionGuid = {3F67E877-113C-45C7-A948-61EB9BC2E94B}
	EndGlobalSection
EndGlobal
